
Microsoft Visual Studio Solution File, Format Version 12.00
# Visual Studio Version 17
VisualStudioVersion = 17.1.32319.34
MinimumVisualStudioVersion = 10.0.40219.1
Project("{FAE04EC0-301F-11D3-BF4B-00C04F79EFBC}") = "QuanLyBanquanAo", "QuanLyBanquanAo\QuanLyBanquanAo.csproj", "{9684A969-0EA3-4B79-85D3-9EFA3F9AB0F0}"
EndProject
Global
	GlobalSection(SolutionConfigurationPlatforms) = preSolution
		Debug|Any CPU = Debug|Any CPU
		Release|Any CPU = Release|Any CPU
	EndGlobalSection
	GlobalSection(ProjectConfigurationPlatforms) = postSolution
		{9684A969-0EA3-4B79-85D3-9EFA3F9AB0F0}.Debug|Any CPU.ActiveCfg = Debug|Any CPU
		{9684A969-0EA3-4B79-85D3-9EFA3F9AB0F0}.Debug|Any CPU.Build.0 = Debug|Any CPU
		{9684A969-0EA3-4B79-85D3-9EFA3F9AB0F0}.Release|Any CPU.ActiveCfg = Release|Any CPU
		{9684A969-0EA3-4B79-85D3-9EFA3F9AB0F0}.Release|Any CPU.Build.0 = Release|Any CPU
	EndGlobalSection
	GlobalSection(SolutionProperties) = preSolution
		HideSolutionNode = FALSE
	EndGlobalSection
	GlobalSection(ExtensibilityGlobals) = postSolution
		SolutionGuid = {45EB389D-2323-4C37-9866-B5DDB4B59289}
	EndGlobalSection
EndGlobal
